
Microsoft Visual Studio Solution File, Format Version 12.00
# Visual Studio Version 17
VisualStudioVersion = 17.1.32421.90
MinimumVisualStudioVersion = 10.0.40219.1
Project("{9A19103F-16F7-4668-BE54-9A1E7A4F7556}") = "Localization", "Localization\Localization.csproj", "{A7D8882B-F10E-4F41-A554-413B015475F3}"
EndProject
Global
	GlobalSection(SolutionConfigurationPlatforms) = preSolution
		Debug|Any CPU = Debug|Any CPU
		Release|Any CPU = Release|Any CPU
	EndGlobalSection
	GlobalSection(ProjectConfigurationPlatforms) = postSolution
		{A7D8882B-F10E-4F41-A554-413B015475F3}.Debug|Any CPU.ActiveCfg = Debug|Any CPU
		{A7D8882B-F10E-4F41-A554-413B015475F3}.Debug|Any CPU.Build.0 = Debug|Any CPU
		{A7D8882B-F10E-4F41-A554-413B015475F3}.Release|Any CPU.ActiveCfg = Release|Any CPU
		{A7D8882B-F10E-4F41-A554-413B015475F3}.Release|Any CPU.Build.0 = Release|Any CPU
	EndGlobalSection
	GlobalSection(SolutionProperties) = preSolution
		HideSolutionNode = FALSE
	EndGlobalSection
	GlobalSection(ExtensibilityGlobals) = postSolution
		SolutionGuid = {B02CBD2F-03A2-4B72-928E-B9FD268A2A92}
	EndGlobalSection
EndGlobal
